
Microsoft Visual Studio Solution File, Format Version 12.00
# Visual Studio Version 17
VisualStudioVersion = 17.7.34003.232
MinimumVisualStudioVersion = 10.0.40219.1
Project("{9A19103F-16F7-4668-BE54-9A1E7A4F7556}") = "DataAccess", "DataAccess\DataAccess.csproj", "{0988EB7A-2B40-4EF0-9F98-B9FE2C36008D}"
EndProject
Project("{9A19103F-16F7-4668-BE54-9A1E7A4F7556}") = "WebApi", "WebApi\WebApi.csproj", "{1E2672F6-3297-486B-B5E2-AFDE3C014DCB}"
EndProject
Project("{2150E333-8FDC-42A3-9474-1A3956D46DE8}") = "Elementos de la solución", "Elementos de la solución", "{05520380-3475-42A5-B1D7-D577537C55BE}"
	ProjectSection(SolutionItems) = preProject
		.dockerignore = .dockerignore
		.env = .env
		.gitignore = .gitignore
		docker-compose.yml = docker-compose.yml
		Dockerfile = Dockerfile
	EndProjectSection
EndProject
Global
	GlobalSection(SolutionConfigurationPlatforms) = preSolution
		Debug|Any CPU = Debug|Any CPU
		Release|Any CPU = Release|Any CPU
	EndGlobalSection
	GlobalSection(ProjectConfigurationPlatforms) = postSolution
		{0988EB7A-2B40-4EF0-9F98-B9FE2C36008D}.Debug|Any CPU.ActiveCfg = Debug|Any CPU
		{0988EB7A-2B40-4EF0-9F98-B9FE2C36008D}.Debug|Any CPU.Build.0 = Debug|Any CPU
		{0988EB7A-2B40-4EF0-9F98-B9FE2C36008D}.Release|Any CPU.ActiveCfg = Release|Any CPU
		{0988EB7A-2B40-4EF0-9F98-B9FE2C36008D}.Release|Any CPU.Build.0 = Release|Any CPU
		{1E2672F6-3297-486B-B5E2-AFDE3C014DCB}.Debug|Any CPU.ActiveCfg = Debug|Any CPU
		{1E2672F6-3297-486B-B5E2-AFDE3C014DCB}.Debug|Any CPU.Build.0 = Debug|Any CPU
		{1E2672F6-3297-486B-B5E2-AFDE3C014DCB}.Release|Any CPU.ActiveCfg = Release|Any CPU
		{1E2672F6-3297-486B-B5E2-AFDE3C014DCB}.Release|Any CPU.Build.0 = Release|Any CPU
	EndGlobalSection
	GlobalSection(SolutionProperties) = preSolution
		HideSolutionNode = FALSE
	EndGlobalSection
	GlobalSection(ExtensibilityGlobals) = postSolution
		SolutionGuid = {1966F195-49CE-4028-88AD-658B3C10BB78}
	EndGlobalSection
EndGlobal
